// !$*UTF8*$!
{
	archiveVersion = 1;
	classes = {
	};
	objectVersion = 46;
	objects = {

/* Begin PBXBuildFile section */
		23DB8CDE1F31290F0031AFA8 /* AppDelegate.swift in Sources */ = {isa = PBXBuildFile; fileRef = 23DB8CDD1F31290F0031AFA8 /* AppDelegate.swift */; };
		23DB8CE01F31290F0031AFA8 /* ViewController.swift in Sources */ = {isa = PBXBuildFile; fileRef = 23DB8CDF1F31290F0031AFA8 /* ViewController.swift */; };
		23DB8CE31F31290F0031AFA8 /* Main.storyboard in Resources */ = {isa = PBXBuildFile; fileRef = 23DB8CE11F31290F0031AFA8 /* Main.storyboard */; };
		23DB8CE51F31290F0031AFA8 /* Assets.xcassets in Resources */ = {isa = PBXBuildFile; fileRef = 23DB8CE41F31290F0031AFA8 /* Assets.xcassets */; };
		23DB8CE81F31290F0031AFA8 /* LaunchScreen.storyboard in Resources */ = {isa = PBXBuildFile; fileRef = 23DB8CE61F31290F0031AFA8 /* LaunchScreen.storyboard */; };
/* End PBXBuildFile section */

/* Begin PBXFileReference section */
		23DB8CDA1F31290F0031AFA8 /* tableViewFun-lab.app */ = {isa = PBXFileReference; explicitFileType = wrapper.application; includeInIndex = 0; path = "tableViewFun-lab.app"; sourceTree = BUILT_PRODUCTS_DIR; };
		23DB8CDD1F31290F0031AFA8 /* AppDelegate.swift */ = {isa = PBXFileReference; lastKnownFileType = sourcecode.swift; path = AppDelegate.swift; sourceTree = "<group>"; };
		23DB8CDF1F31290F0031AFA8 /* ViewController.swift */ = {isa = PBXFileReference; lastKnownFileType = sourcecode.swift; path = ViewController.swift; sourceTree = "<group>"; };
		23DB8CE21F31290F0031AFA8 /* Base */ = {isa = PBXFileReference; lastKnownFileType = file.storyboard; name = Base; path = Base.lproj/Main.storyboard; sourceTree = "<group>"; };
		23DB8CE41F31290F0031AFA8 /* Assets.xcassets */ = {isa = PBXFileReference; lastKnownFileType = folder.assetcatalog; path = Assets.xcassets; sourceTree = "<group>"; };
		23DB8CE71F31290F0031AFA8 /* Base */ = {isa = PBXFileReference; lastKnownFileType = file.storyboard; name = Base; path = Base.lproj/LaunchScreen.storyboard; sourceTree = "<group>"; };
		23DB8CE91F31290F0031AFA8 /* Info.plist */ = {isa = PBXFileReference; lastKnownFileType = text.plist.xml; path = Info.plist; sourceTree = "<group>"; };
/* End PBXFileReference section */

/* Begin PBXFrameworksBuildPhase section */
		23DB8CD71F31290F0031AFA8 /* Frameworks */ = {
			isa = PBXFrameworksBuildPhase;
			buildActionMask = 2147483647;
			files = (
			);
			runOnlyForDeploymentPostprocessing = 0;
		};
/* End PBXFrameworksBuildPhase section */

/* Begin PBXGroup section */
		23DB8CD11F31290F0031AFA8 = {
			isa = PBXGroup;
			children = (
				23DB8CDC1F31290F0031AFA8 /* tableViewFun-lab */,
				23DB8CDB1F31290F0031AFA8 /* Products */,
			);
			sourceTree = "<group>";
		};
		23DB8CDB1F31290F0031AFA8 /* Products */ = {
			isa = PBXGroup;
			children = (
				23DB8CDA1F31290F0031AFA8 /* tableViewFun-lab.app */,
			);
			name = Products;
			sourceTree = "<group>";
		};
		23DB8CDC1F31290F0031AFA8 /* tableViewFun-lab */ = {
			isa = PBXGroup;
			children = (
				23DB8CDD1F31290F0031AFA8 /* AppDelegate.swift */,
				23DB8CDF1F31290F0031AFA8 /* ViewController.swift */,
				23DB8CE11F31290F0031AFA8 /* Main.storyboard */,
				23DB8CE41F31290F0031AFA8 /* Assets.xcassets */,
				23DB8CE61F31290F0031AFA8 /* LaunchScreen.storyboard */,
				23DB8CE91F31290F0031AFA8 /* Info.plist */,
			);
			path = "tableViewFun-lab";
			sourceTree = "<group>";
		};
/* End PBXGroup section */

/* Begin PBXNativeTarget section */
		23DB8CD91F31290F0031AFA8 /* tableViewFun-lab */ = {
			isa = PBXNativeTarget;
			buildConfigurationList = 23DB8CEC1F31290F0031AFA8 /* Build configuration list for PBXNativeTarget "tableViewFun-lab" */;
			buildPhases = (
				23DB8CD61F31290F0031AFA8 /* Sources */,
				23DB8CD71F31290F0031AFA8 /* Frameworks */,
				23DB8CD81F31290F0031AFA8 /* Resources */,
			);
			buildRules = (
			);
			dependencies = (
			);
			name = "tableViewFun-lab";
			productName = "tableViewFun-lab";
			productReference = 23DB8CDA1F31290F0031AFA8 /* tableViewFun-lab.app */;
			productType = "com.apple.product-type.application";
		};
/* End PBXNativeTarget section */

/* Begin PBXProject section */
		23DB8CD21F31290F0031AFA8 /* Project object */ = {
			isa = PBXProject;
			attributes = {
				LastSwiftUpdateCheck = 0830;
				LastUpgradeCheck = 0830;
				ORGANIZATIONNAME = "Government Entertainment";
				TargetAttributes = {
					23DB8CD91F31290F0031AFA8 = {
						CreatedOnToolsVersion = 8.3.3;
						ProvisioningStyle = Automatic;
					};
				};
			};
			buildConfigurationList = 23DB8CD51F31290F0031AFA8 /* Build configuration list for PBXProject "tableViewFun-lab" */;
			compatibilityVersion = "Xcode 3.2";
			developmentRegion = English;
			hasScannedForEncodings = 0;
			knownRegions = (
				en,
				Base,
			);
			mainGroup = 23DB8CD11F31290F0031AFA8;
			productRefGroup = 23DB8CDB1F31290F0031AFA8 /* Products */;
			projectDirPath = "";
			projectRoot = "";
			targets = (
				23DB8CD91F31290F0031AFA8 /* tableViewFun-lab */,
			);
		};
/* End PBXProject section */

/* Begin PBXResourcesBuildPhase section */
		23DB8CD81F31290F0031AFA8 /* Resources */ = {
			isa = PBXResourcesBuildPhase;
			buildActionMask = 2147483647;
			files = (
				23DB8CE81F31290F0031AFA8 /* LaunchScreen.storyboard in Resources */,
				23DB8CE51F31290F0031AFA8 /* Assets.xcassets in Resources */,
				23DB8CE31F31290F0031AFA8 /* Main.storyboard in Resources */,
			);
			runOnlyForDeploymentPostprocessing = 0;
		};
/* End PBXResourcesBuildPhase section */

/* Begin PBXSourcesBuildPhase section */
		23DB8CD61F31290F0031AFA8 /* Sources */ = {
			isa = PBXSourcesBuildPhase;
			buildActionMask = 2147483647;
			files = (
				23DB8CE01F31290F0031AFA8 /* ViewController.swift in Sources */,
				23DB8CDE1F31290F0031AFA8 /* AppDelegate.swift in Sources */,
			);
			runOnlyForDeploymentPostprocessing = 0;
		};
/* End PBXSourcesBuildPhase section */

/* Begin PBXVariantGroup section */
		23DB8CE11F31290F0031AFA8 /* Main.storyboard */ = {
			isa = PBXVariantGroup;
			children = (
				23DB8CE21F31290F0031AFA8 /* Base */,
			);
			name = Main.storyboard;
			sourceTree = "<group>";
		};
		23DB8CE61F31290F0031AFA8 /* LaunchScreen.storyboard */ = {
			isa = PBXVariantGroup;
			children = (
				23DB8CE71F31290F0031AFA8 /* Base */,
			);
			name = LaunchScreen.storyboard;
			sourceTree = "<group>";
		};
/* End PBXVariantGroup section */

/* Begin XCBuildConfiguration section */
		23DB8CEA1F31290F0031AFA8 /* Debug */ = {
			isa = XCBuildConfiguration;
			buildSettings = {
				ALWAYS_SEARCH_USER_PATHS = NO;
				CLANG_ANALYZER_NONNULL = YES;
				CLANG_ANALYZER_NUMBER_OBJECT_CONVERSION = YES_AGGRESSIVE;
				CLANG_CXX_LANGUAGE_STANDARD = "gnu++0x";
				CLANG_CXX_LIBRARY = "libc++";
				CLANG_ENABLE_MODULES = YES;
				CLANG_ENABLE_OBJC_ARC = YES;
				CLANG_WARN_BOOL_CONVERSION = YES;
				CLANG_WARN_CONSTANT_CONVERSION = YES;
				CLANG_WARN_DIRECT_OBJC_ISA_USAGE = YES_ERROR;
				CLANG_WARN_DOCUMENTATION_COMMENTS = YES;
				CLANG_WARN_EMPTY_BODY = YES;
				CLANG_WARN_ENUM_CONVERSION = YES;
				CLANG_WARN_INFINITE_RECURSION = YES;
				CLANG_WARN_INT_CONVERSION = YES;
				CLANG_WARN_OBJC_ROOT_CLASS = YES_ERROR;
				CLANG_WARN_SUSPICIOUS_MOVE = YES;
				CLANG_WARN_UNREACHABLE_CODE = YES;
				CLANG_WARN__DUPLICATE_METHOD_MATCH = YES;
				"CODE_SIGN_IDENTITY[sdk=iphoneos*]" = "iPhone Developer";
				COPY_PHASE_STRIP = NO;
				DEBUG_INFORMATION_FORMAT = dwarf;
				ENABLE_STRICT_OBJC_MSGSEND = YES;
				ENABLE_TESTABILITY = YES;
				GCC_C_LANGUAGE_STANDARD = gnu99;
				GCC_DYNAMIC_NO_PIC = NO;
				GCC_NO_COMMON_BLOCKS = YES;
				GCC_OPTIMIZATION_LEVEL = 0;
				GCC_PREPROCESSOR_DEFINITIONS = (
					"DEBUG=1",
					"$(inherited)",
				);
				GCC_WARN_64_TO_32_BIT_CONVERSION = YES;
				GCC_WARN_ABOUT_RETURN_TYPE = YES_ERROR;
				GCC_WARN_UNDECLARED_SELECTOR = YES;
				GCC_WARN_UNINITIALIZED_AUTOS = YES_AGGRESSIVE;
				GCC_WARN_UNUSED_FUNCTION = YES;
				GCC_WARN_UNUSED_VARIABLE = YES;
				IPHONEOS_DEPLOYMENT_TARGET = 10.3;
				MTL_ENABLE_DEBUG_INFO = YES;
				ONLY_ACTIVE_ARCH = YES;
				SDKROOT = iphoneos;
				SWIFT_ACTIVE_COMPILATION_CONDITIONS = DEBUG;
				SWIFT_OPTIMIZATION_LEVEL = "-Onone";
			};
			name = Debug;
		};
		23DB8CEB1F31290F0031AFA8 /* Release */ = {
			isa = XCBuildConfiguration;
			buildSettings = {
				ALWAYS_SEARCH_USER_PATHS = NO;
				CLANG_ANALYZER_NONNULL = YES;
				CLANG_ANALYZER_NUMBER_OBJECT_CONVERSION = YES_AGGRESSIVE;
				CLANG_CXX_LANGUAGE_STANDARD = "gnu++0x";
				CLANG_CXX_LIBRARY = "libc++";
				CLANG_ENABLE_MODULES = YES;
				CLANG_ENABLE_OBJC_ARC = YES;
				CLANG_WARN_BOOL_CONVERSION = YES;
				CLANG_WARN_CONSTANT_CONVERSION = YES;
				CLANG_WARN_DIRECT_OBJC_ISA_USAGE = YES_ERROR;
				CLANG_WARN_DOCUMENTATION_COMMENTS = YES;
				CLANG_WARN_EMPTY_BODY = YES;
				CLANG_WARN_ENUM_CONVERSION = YES;
				CLANG_WARN_INFINITE_RECURSION = YES;
				CLANG_WARN_INT_CONVERSION = YES;
				CLANG_WARN_OBJC_ROOT_CLASS = YES_ERROR;
				CLANG_WARN_SUSPICIOUS_MOVE = YES;
				CLANG_WARN_UNREACHABLE_CODE = YES;
				CLANG_WARN__DUPLICATE_METHOD_MATCH = YES;
				"CODE_SIGN_IDENTITY[sdk=iphoneos*]" = "iPhone Developer";
				COPY_PHASE_STRIP = NO;
				DEBUG_INFORMATION_FORMAT = "dwarf-with-dsym";
				ENABLE_NS_ASSERTIONS = NO;
				ENABLE_STRICT_OBJC_MSGSEND = YES;
				GCC_C_LANGUAGE_STANDARD = gnu99;
				GCC_NO_COMMON_BLOCKS = YES;
				GCC_WARN_64_TO_32_BIT_CONVERSION = YES;
				GCC_WARN_ABOUT_RETURN_TYPE = YES_ERROR;
				GCC_WARN_UNDECLARED_SELECTOR = YES;
				GCC_WARN_UNINITIALIZED_AUTOS = YES_AGGRESSIVE;
				GCC_WARN_UNUSED_FUNCTION = YES;
				GCC_WARN_UNUSED_VARIABLE = YES;
				IPHONEOS_DEPLOYMENT_TARGET = 10.3;
				MTL_ENABLE_DEBUG_INFO = NO;
				SDKROOT = iphoneos;
				SWIFT_OPTIMIZATION_LEVEL = "-Owholemodule";
				VALIDATE_PRODUCT = YES;
			};
			name = Release;
		};
		23DB8CED1F31290F0031AFA8 /* Debug */ = {
			isa = XCBuildConfiguration;
			buildSettings = {
				ASSETCATALOG_COMPILER_APPICON_NAME = AppIcon;
				INFOPLIST_FILE = "tableViewFun-lab/Info.plist";
				LD_RUNPATH_SEARCH_PATHS = "$(inherited) @executable_path/Frameworks";
				PRODUCT_BUNDLE_IDENTIFIER = "com.goven.tableViewFun-lab";
				PRODUCT_NAME = "$(TARGET_NAME)";
				SWIFT_VERSION = 3.0;
			};
			name = Debug;
		};
		23DB8CEE1F31290F0031AFA8 /* Release */ = {
			isa = XCBuildConfiguration;
			buildSettings = {
				ASSETCATALOG_COMPILER_APPICON_NAME = AppIcon;
				INFOPLIST_FILE = "tableViewFun-lab/Info.plist";
				LD_RUNPATH_SEARCH_PATHS = "$(inherited) @executable_path/Frameworks";
				PRODUCT_BUNDLE_IDENTIFIER = "com.goven.tableViewFun-lab";
				PRODUCT_NAME = "$(TARGET_NAME)";
				SWIFT_VERSION = 3.0;
			};
			name = Release;
		};
/* End XCBuildConfiguration section */

/* Begin XCConfigurationList section */
		23DB8CD51F31290F0031AFA8 /* Build configuration list for PBXProject "tableViewFun-lab" */ = {
			isa = XCConfigurationList;
			buildConfigurations = (
				23DB8CEA1F31290F0031AFA8 /* Debug */,
				23DB8CEB1F31290F0031AFA8 /* Release */,
			);
			defaultConfigurationIsVisible = 0;
			defaultConfigurationName = Release;
		};
		23DB8CEC1F31290F0031AFA8 /* Build configuration list for PBXNativeTarget "tableViewFun-lab" */ = {
			isa = XCConfigurationList;
			buildConfigurations = (
				23DB8CED1F31290F0031AFA8 /* Debug */,
				23DB8CEE1F31290F0031AFA8 /* Release */,
			);
			defaultConfigurationIsVisible = 0;
		};
/* End XCConfigurationList section */
	};
	rootObject = 23DB8CD21F31290F0031AFA8 /* Project object */;
}
