// !$*UTF8*$!
{
	archiveVersion = 1;
	classes = {
	};
	objectVersion = 46;
	objects = {

/* Begin PBXBuildFile section */
		B7C617F51D3AE83600F80727 /* AppDelegate.swift in Sources */ = {isa = PBXBuildFile; fileRef = B7C617F41D3AE83600F80727 /* AppDelegate.swift */; };
		B7C617F71D3AE83600F80727 /* ViewController.swift in Sources */ = {isa = PBXBuildFile; fileRef = B7C617F61D3AE83600F80727 /* ViewController.swift */; };
		B7C617FA1D3AE83600F80727 /* Main.storyboard in Resources */ = {isa = PBXBuildFile; fileRef = B7C617F81D3AE83600F80727 /* Main.storyboard */; };
		B7C617FC1D3AE83600F80727 /* Assets.xcassets in Resources */ = {isa = PBXBuildFile; fileRef = B7C617FB1D3AE83600F80727 /* Assets.xcassets */; };
		B7C617FF1D3AE83600F80727 /* LaunchScreen.storyboard in Resources */ = {isa = PBXBuildFile; fileRef = B7C617FD1D3AE83600F80727 /* LaunchScreen.storyboard */; };
		B7C618091D3AE94D00F80727 /* learn_ios.png in Resources */ = {isa = PBXBuildFile; fileRef = B7C618081D3AE94D00F80727 /* learn_ios.png */; };
/* End PBXBuildFile section */

/* Begin PBXFileReference section */
		B7C617F11D3AE83600F80727 /* Cats.app */ = {isa = PBXFileReference; explicitFileType = wrapper.application; includeInIndex = 0; path = Cats.app; sourceTree = BUILT_PRODUCTS_DIR; };
		B7C617F41D3AE83600F80727 /* AppDelegate.swift */ = {isa = PBXFileReference; lastKnownFileType = sourcecode.swift; path = AppDelegate.swift; sourceTree = "<group>"; };
		B7C617F61D3AE83600F80727 /* ViewController.swift */ = {isa = PBXFileReference; lastKnownFileType = sourcecode.swift; path = ViewController.swift; sourceTree = "<group>"; };
		B7C617F91D3AE83600F80727 /* Base */ = {isa = PBXFileReference; lastKnownFileType = file.storyboard; name = Base; path = Base.lproj/Main.storyboard; sourceTree = "<group>"; };
		B7C617FB1D3AE83600F80727 /* Assets.xcassets */ = {isa = PBXFileReference; lastKnownFileType = folder.assetcatalog; path = Assets.xcassets; sourceTree = "<group>"; };
		B7C617FE1D3AE83600F80727 /* Base */ = {isa = PBXFileReference; lastKnownFileType = file.storyboard; name = Base; path = Base.lproj/LaunchScreen.storyboard; sourceTree = "<group>"; };
		B7C618001D3AE83600F80727 /* Info.plist */ = {isa = PBXFileReference; lastKnownFileType = text.plist.xml; path = Info.plist; sourceTree = "<group>"; };
		B7C618081D3AE94D00F80727 /* learn_ios.png */ = {isa = PBXFileReference; lastKnownFileType = image.png; path = learn_ios.png; sourceTree = "<group>"; };
/* End PBXFileReference section */

/* Begin PBXFrameworksBuildPhase section */
		B7C617EE1D3AE83600F80727 /* Frameworks */ = {
			isa = PBXFrameworksBuildPhase;
			buildActionMask = 2147483647;
			files = (
			);
			runOnlyForDeploymentPostprocessing = 0;
		};
/* End PBXFrameworksBuildPhase section */

/* Begin PBXGroup section */
		B7C617E81D3AE83600F80727 = {
			isa = PBXGroup;
			children = (
				B7C617F31D3AE83600F80727 /* Cats */,
				B7C617F21D3AE83600F80727 /* Products */,
			);
			sourceTree = "<group>";
		};
		B7C617F21D3AE83600F80727 /* Products */ = {
			isa = PBXGroup;
			children = (
				B7C617F11D3AE83600F80727 /* Cats.app */,
			);
			name = Products;
			sourceTree = "<group>";
		};
		B7C617F31D3AE83600F80727 /* Cats */ = {
			isa = PBXGroup;
			children = (
				B7C617F41D3AE83600F80727 /* AppDelegate.swift */,
				B7C617F61D3AE83600F80727 /* ViewController.swift */,
				B7C617F81D3AE83600F80727 /* Main.storyboard */,
				B7C617FB1D3AE83600F80727 /* Assets.xcassets */,
				B7C617FD1D3AE83600F80727 /* LaunchScreen.storyboard */,
				B7C618001D3AE83600F80727 /* Info.plist */,
				B7C618081D3AE94D00F80727 /* learn_ios.png */,
			);
			path = Cats;
			sourceTree = "<group>";
		};
/* End PBXGroup section */

/* Begin PBXNativeTarget section */
		B7C617F01D3AE83600F80727 /* Cats */ = {
			isa = PBXNativeTarget;
			buildConfigurationList = B7C618031D3AE83700F80727 /* Build configuration list for PBXNativeTarget "Cats" */;
			buildPhases = (
				B7C617ED1D3AE83600F80727 /* Sources */,
				B7C617EE1D3AE83600F80727 /* Frameworks */,
				B7C617EF1D3AE83600F80727 /* Resources */,
			);
			buildRules = (
			);
			dependencies = (
			);
			name = Cats;
			productName = Cats;
			productReference = B7C617F11D3AE83600F80727 /* Cats.app */;
			productType = "com.apple.product-type.application";
		};
/* End PBXNativeTarget section */

/* Begin PBXProject section */
		B7C617E91D3AE83600F80727 /* Project object */ = {
			isa = PBXProject;
			attributes = {
				LastSwiftUpdateCheck = 0730;
				LastUpgradeCheck = 0730;
				ORGANIZATIONNAME = "Flatiron School";
				TargetAttributes = {
					B7C617F01D3AE83600F80727 = {
						CreatedOnToolsVersion = 7.3.1;
						DevelopmentTeam = WNAGBXF4G9;
						LastSwiftMigration = 0800;
					};
				};
			};
			buildConfigurationList = B7C617EC1D3AE83600F80727 /* Build configuration list for PBXProject "Cats" */;
			compatibilityVersion = "Xcode 3.2";
			developmentRegion = English;
			hasScannedForEncodings = 0;
			knownRegions = (
				en,
				Base,
			);
			mainGroup = B7C617E81D3AE83600F80727;
			productRefGroup = B7C617F21D3AE83600F80727 /* Products */;
			projectDirPath = "";
			projectRoot = "";
			targets = (
				B7C617F01D3AE83600F80727 /* Cats */,
			);
		};
/* End PBXProject section */

/* Begin PBXResourcesBuildPhase section */
		B7C617EF1D3AE83600F80727 /* Resources */ = {
			isa = PBXResourcesBuildPhase;
			buildActionMask = 2147483647;
			files = (
				B7C618091D3AE94D00F80727 /* learn_ios.png in Resources */,
				B7C617FF1D3AE83600F80727 /* LaunchScreen.storyboard in Resources */,
				B7C617FC1D3AE83600F80727 /* Assets.xcassets in Resources */,
				B7C617FA1D3AE83600F80727 /* Main.storyboard in Resources */,
			);
			runOnlyForDeploymentPostprocessing = 0;
		};
/* End PBXResourcesBuildPhase section */

/* Begin PBXSourcesBuildPhase section */
		B7C617ED1D3AE83600F80727 /* Sources */ = {
			isa = PBXSourcesBuildPhase;
			buildActionMask = 2147483647;
			files = (
				B7C617F71D3AE83600F80727 /* ViewController.swift in Sources */,
				B7C617F51D3AE83600F80727 /* AppDelegate.swift in Sources */,
			);
			runOnlyForDeploymentPostprocessing = 0;
		};
/* End PBXSourcesBuildPhase section */

/* Begin PBXVariantGroup section */
		B7C617F81D3AE83600F80727 /* Main.storyboard */ = {
			isa = PBXVariantGroup;
			children = (
				B7C617F91D3AE83600F80727 /* Base */,
			);
			name = Main.storyboard;
			sourceTree = "<group>";
		};
		B7C617FD1D3AE83600F80727 /* LaunchScreen.storyboard */ = {
			isa = PBXVariantGroup;
			children = (
				B7C617FE1D3AE83600F80727 /* Base */,
			);
			name = LaunchScreen.storyboard;
			sourceTree = "<group>";
		};
/* End PBXVariantGroup section */

/* Begin XCBuildConfiguration section */
		B7C618011D3AE83700F80727 /* Debug */ = {
			isa = XCBuildConfiguration;
			buildSettings = {
				ALWAYS_SEARCH_USER_PATHS = NO;
				CLANG_ANALYZER_NONNULL = YES;
				CLANG_CXX_LANGUAGE_STANDARD = "gnu++0x";
				CLANG_CXX_LIBRARY = "libc++";
				CLANG_ENABLE_MODULES = YES;
				CLANG_ENABLE_OBJC_ARC = YES;
				CLANG_WARN_BOOL_CONVERSION = YES;
				CLANG_WARN_CONSTANT_CONVERSION = YES;
				CLANG_WARN_DIRECT_OBJC_ISA_USAGE = YES_ERROR;
				CLANG_WARN_EMPTY_BODY = YES;
				CLANG_WARN_ENUM_CONVERSION = YES;
				CLANG_WARN_INT_CONVERSION = YES;
				CLANG_WARN_OBJC_ROOT_CLASS = YES_ERROR;
				CLANG_WARN_UNREACHABLE_CODE = YES;
				CLANG_WARN__DUPLICATE_METHOD_MATCH = YES;
				"CODE_SIGN_IDENTITY[sdk=iphoneos*]" = "iPhone Developer";
				COPY_PHASE_STRIP = NO;
				DEBUG_INFORMATION_FORMAT = dwarf;
				ENABLE_STRICT_OBJC_MSGSEND = YES;
				ENABLE_TESTABILITY = YES;
				GCC_C_LANGUAGE_STANDARD = gnu99;
				GCC_DYNAMIC_NO_PIC = NO;
				GCC_NO_COMMON_BLOCKS = YES;
				GCC_OPTIMIZATION_LEVEL = 0;
				GCC_PREPROCESSOR_DEFINITIONS = (
					"DEBUG=1",
					"$(inherited)",
				);
				GCC_WARN_64_TO_32_BIT_CONVERSION = YES;
				GCC_WARN_ABOUT_RETURN_TYPE = YES_ERROR;
				GCC_WARN_UNDECLARED_SELECTOR = YES;
				GCC_WARN_UNINITIALIZED_AUTOS = YES_AGGRESSIVE;
				GCC_WARN_UNUSED_FUNCTION = YES;
				GCC_WARN_UNUSED_VARIABLE = YES;
				IPHONEOS_DEPLOYMENT_TARGET = 9.3;
				MTL_ENABLE_DEBUG_INFO = YES;
				ONLY_ACTIVE_ARCH = YES;
				SDKROOT = iphoneos;
				SWIFT_OPTIMIZATION_LEVEL = "-Onone";
			};
			name = Debug;
		};
		B7C618021D3AE83700F80727 /* Release */ = {
			isa = XCBuildConfiguration;
			buildSettings = {
				ALWAYS_SEARCH_USER_PATHS = NO;
				CLANG_ANALYZER_NONNULL = YES;
				CLANG_CXX_LANGUAGE_STANDARD = "gnu++0x";
				CLANG_CXX_LIBRARY = "libc++";
				CLANG_ENABLE_MODULES = YES;
				CLANG_ENABLE_OBJC_ARC = YES;
				CLANG_WARN_BOOL_CONVERSION = YES;
				CLANG_WARN_CONSTANT_CONVERSION = YES;
				CLANG_WARN_DIRECT_OBJC_ISA_USAGE = YES_ERROR;
				CLANG_WARN_EMPTY_BODY = YES;
				CLANG_WARN_ENUM_CONVERSION = YES;
				CLANG_WARN_INT_CONVERSION = YES;
				CLANG_WARN_OBJC_ROOT_CLASS = YES_ERROR;
				CLANG_WARN_UNREACHABLE_CODE = YES;
				CLANG_WARN__DUPLICATE_METHOD_MATCH = YES;
				"CODE_SIGN_IDENTITY[sdk=iphoneos*]" = "iPhone Developer";
				COPY_PHASE_STRIP = NO;
				DEBUG_INFORMATION_FORMAT = "dwarf-with-dsym";
				ENABLE_NS_ASSERTIONS = NO;
				ENABLE_STRICT_OBJC_MSGSEND = YES;
				GCC_C_LANGUAGE_STANDARD = gnu99;
				GCC_NO_COMMON_BLOCKS = YES;
				GCC_WARN_64_TO_32_BIT_CONVERSION = YES;
				GCC_WARN_ABOUT_RETURN_TYPE = YES_ERROR;
				GCC_WARN_UNDECLARED_SELECTOR = YES;
				GCC_WARN_UNINITIALIZED_AUTOS = YES_AGGRESSIVE;
				GCC_WARN_UNUSED_FUNCTION = YES;
				GCC_WARN_UNUSED_VARIABLE = YES;
				IPHONEOS_DEPLOYMENT_TARGET = 9.3;
				MTL_ENABLE_DEBUG_INFO = NO;
				SDKROOT = iphoneos;
				VALIDATE_PRODUCT = YES;
			};
			name = Release;
		};
		B7C618041D3AE83700F80727 /* Debug */ = {
			isa = XCBuildConfiguration;
			buildSettings = {
				ASSETCATALOG_COMPILER_APPICON_NAME = AppIcon;
				DEVELOPMENT_TEAM = WNAGBXF4G9;
				INFOPLIST_FILE = Cats/Info.plist;
				LD_RUNPATH_SEARCH_PATHS = "$(inherited) @executable_path/Frameworks";
				PRODUCT_BUNDLE_IDENTIFIER = com.flatironschool.Cats;
				PRODUCT_NAME = "$(TARGET_NAME)";
				SWIFT_VERSION = 3.0;
			};
			name = Debug;
		};
		B7C618051D3AE83700F80727 /* Release */ = {
			isa = XCBuildConfiguration;
			buildSettings = {
				ASSETCATALOG_COMPILER_APPICON_NAME = AppIcon;
				DEVELOPMENT_TEAM = WNAGBXF4G9;
				INFOPLIST_FILE = Cats/Info.plist;
				LD_RUNPATH_SEARCH_PATHS = "$(inherited) @executable_path/Frameworks";
				PRODUCT_BUNDLE_IDENTIFIER = com.flatironschool.Cats;
				PRODUCT_NAME = "$(TARGET_NAME)";
				SWIFT_VERSION = 3.0;
			};
			name = Release;
		};
/* End XCBuildConfiguration section */

/* Begin XCConfigurationList section */
		B7C617EC1D3AE83600F80727 /* Build configuration list for PBXProject "Cats" */ = {
			isa = XCConfigurationList;
			buildConfigurations = (
				B7C618011D3AE83700F80727 /* Debug */,
				B7C618021D3AE83700F80727 /* Release */,
			);
			defaultConfigurationIsVisible = 0;
			defaultConfigurationName = Release;
		};
		B7C618031D3AE83700F80727 /* Build configuration list for PBXNativeTarget "Cats" */ = {
			isa = XCConfigurationList;
			buildConfigurations = (
				B7C618041D3AE83700F80727 /* Debug */,
				B7C618051D3AE83700F80727 /* Release */,
			);
			defaultConfigurationIsVisible = 0;
			defaultConfigurationName = Release;
		};
/* End XCConfigurationList section */
	};
	rootObject = B7C617E91D3AE83600F80727 /* Project object */;
}
